<?xml version="1.0" encoding="utf-8"?>
<Project ToolsVersion="4.0" xmlns="http://schemas.microsoft.com/developer/msbuild/2003">
  <ItemGroup>
    <Filter Include="Source Files">
      <UniqueIdentifier>{c6832f44-873e-48df-b42f-e771538433e1}</UniqueIdentifier>
      <Extensions>cpp;c;cxx;rc;def;r;odl;idl;hpj;bat</Extensions>
    </Filter>
    <Filter Include="Header Files">
      <UniqueIdentifier>{118df28b-0b73-473d-a4ea-f045bc2349af}</UniqueIdentifier>
      <Extensions>h;hpp;hxx;hm;inl</Extensions>
    </Filter>
    <Filter Include="Resource Files">
      <UniqueIdentifier>{df65f8d6-6d1a-4e32-8f56-8ff7a3db3f6d}</UniqueIdentifier>
      <Extensions>ico;cur;bmp;dlg;rc2;rct;bin;rgs;gif;jpg;jpeg;jpe</Extensions>
    </Filter>
  </ItemGroup>
  <ItemGroup>
    <ClCompile Include="Axle.cpp">
      <Filter>Source Files</Filter>
    </ClCompile>
    <ClCompile Include="AxleSpacing.cpp">
      <Filter>Source Files</Filter>
    </ClCompile>
    <ClCompile Include="AxleWeight23.cpp">
      <Filter>Source Files</Filter>
    </ClCompile>
    <ClCompile Include="AxleWeight45.cpp">
      <Filter>Source Files</Filter>
    </ClCompile>
    <ClCompile Include="BlockMaxEvent.cpp">
      <Filter>Source Files</Filter>
    </ClCompile>
    <ClCompile Include="BlockMaxManager.cpp">
      <Filter>Source Files</Filter>
    </ClCompile>
    <ClCompile Include="Bridge.cpp">
      <Filter>Source Files</Filter>
    </ClCompile>
    <ClCompile Include="CalcEffect.cpp">
      <Filter>Source Files</Filter>
    </ClCompile>
    <ClCompile Include="ClassPercent.cpp">
      <Filter>Source Files</Filter>
    </ClCompile>
    <ClCompile Include="ConfigData.cpp">
      <Filter>Source Files</Filter>
    </ClCompile>
    <ClCompile Include="CSVParse.cpp">
      <Filter>Source Files</Filter>
    </ClCompile>
    <ClCompile Include="Distribution.cpp">
      <Filter>Source Files</Filter>
    </ClCompile>
    <ClCompile Include="Effect.cpp">
      <Filter>Source Files</Filter>
    </ClCompile>
    <ClCompile Include="Event.cpp">
      <Filter>Source Files</Filter>
    </ClCompile>
    <ClCompile Include="EventBuffer.cpp">
      <Filter>Source Files</Filter>
    </ClCompile>
    <ClCompile Include="EventManager.cpp">
      <Filter>Source Files</Filter>
    </ClCompile>
    <ClCompile Include="Lane.cpp">
      <Filter>Source Files</Filter>
    </ClCompile>
    <ClCompile Include="main.cpp">
      <Filter>Source Files</Filter>
    </ClCompile>
    <ClCompile Include="TrafficData.cpp">
      <Filter>Source Files</Filter>
    </ClCompile>
    <ClCompile Include="TriModalNormal.cpp">
      <Filter>Source Files</Filter>
    </ClCompile>
    <ClCompile Include="Vehicle.cpp">
      <Filter>Source Files</Filter>
    </ClCompile>
    <ClCompile Include="VehicleBuffer.cpp">
      <Filter>Source Files</Filter>
    </ClCompile>
    <ClCompile Include="VehicleGenerator.cpp">
      <Filter>Source Files</Filter>
    </ClCompile>
    <ClCompile Include="BridgeLane.cpp">
      <Filter>Source Files</Filter>
    </ClCompile>
    <ClCompile Include="InfluenceLine.cpp">
      <Filter>Source Files</Filter>
    </ClCompile>
    <ClCompile Include="ReadILFile.cpp">
      <Filter>Source Files</Filter>
    </ClCompile>
    <ClCompile Include="BridgeFile.cpp">
      <Filter>Source Files</Filter>
    </ClCompile>
    <ClCompile Include="TrafficFiles.cpp">
      <Filter>Source Files</Filter>
    </ClCompile>
    <ClCompile Include="LaneFlow.cpp">
      <Filter>Source Files</Filter>
    </ClCompile>
    <ClCompile Include="LaneGenTraffic.cpp">
      <Filter>Source Files</Filter>
    </ClCompile>
    <ClCompile Include="LaneFileTraffic.cpp">
      <Filter>Source Files</Filter>
    </ClCompile>
    <ClCompile Include="VehicleTrafficFile.cpp">
      <Filter>Source Files</Filter>
    </ClCompile>
    <ClCompile Include="POTManager.cpp">
      <Filter>Source Files</Filter>
    </ClCompile>
    <ClCompile Include="StatsManager.cpp">
      <Filter>Source Files</Filter>
    </ClCompile>
    <ClCompile Include="ManagerBase.cpp">
      <Filter>Source Files</Filter>
    </ClCompile>
    <ClCompile Include="OutputManagerBase.cpp">
      <Filter>Source Files</Filter>
    </ClCompile>
    <ClCompile Include="EventStatistics.cpp">
      <Filter>Source Files</Filter>
    </ClCompile>
    <ClCompile Include="InfluenceSurface.cpp">
      <Filter>Source Files</Filter>
    </ClCompile>
    <ClCompile Include="VehicleClassification.cpp">
      <Filter>Source Files</Filter>
    </ClCompile>
    <ClCompile Include="Generator.cpp">
      <Filter>Source Files</Filter>
    </ClCompile>
    <ClCompile Include="FlowGenerator.cpp">
      <Filter>Source Files</Filter>
    </ClCompile>
    <ClCompile Include="ModelData.cpp">
      <Filter>Source Files</Filter>
    </ClCompile>
    <ClCompile Include="VehicleModelData.cpp">
      <Filter>Source Files</Filter>
    </ClCompile>
    <ClCompile Include="FlowModelData.cpp">
      <Filter>Source Files</Filter>
    </ClCompile>
    <ClCompile Include="VehicleGenGrave.cpp">
      <Filter>Source Files</Filter>
    </ClCompile>
    <ClCompile Include="VehModelDataGrave.cpp">
      <Filter>Source Files</Filter>
    </ClCompile>
  </ItemGroup>
  <ItemGroup>
    <ClInclude Include="Axle.h">
      <Filter>Header Files</Filter>
    </ClInclude>
    <ClInclude Include="AxleSpacing.h">
      <Filter>Header Files</Filter>
    </ClInclude>
    <ClInclude Include="AxleWeight23.h">
      <Filter>Header Files</Filter>
    </ClInclude>
    <ClInclude Include="AxleWeight45.h">
      <Filter>Header Files</Filter>
    </ClInclude>
    <ClInclude Include="BlockMaxEvent.h">
      <Filter>Header Files</Filter>
    </ClInclude>
    <ClInclude Include="BlockMaxManager.h">
      <Filter>Header Files</Filter>
    </ClInclude>
    <ClInclude Include="Bridge.h">
      <Filter>Header Files</Filter>
    </ClInclude>
    <ClInclude Include="CalcEffect.h">
      <Filter>Header Files</Filter>
    </ClInclude>
    <ClInclude Include="ClassPercent.h">
      <Filter>Header Files</Filter>
    </ClInclude>
    <ClInclude Include="ConfigData.h">
      <Filter>Header Files</Filter>
    </ClInclude>
    <ClInclude Include="CSVParse.h">
      <Filter>Header Files</Filter>
    </ClInclude>
    <ClInclude Include="Distribution.h">
      <Filter>Header Files</Filter>
    </ClInclude>
    <ClInclude Include="Effect.h">
      <Filter>Header Files</Filter>
    </ClInclude>
    <ClInclude Include="Event.h">
      <Filter>Header Files</Filter>
    </ClInclude>
    <ClInclude Include="EventBuffer.h">
      <Filter>Header Files</Filter>
    </ClInclude>
    <ClInclude Include="EventManager.h">
      <Filter>Header Files</Filter>
    </ClInclude>
    <ClInclude Include="GlobalVars.h">
      <Filter>Header Files</Filter>
    </ClInclude>
    <ClInclude Include="Lane.h">
      <Filter>Header Files</Filter>
    </ClInclude>
    <ClInclude Include="Matrix.h">
      <Filter>Header Files</Filter>
    </ClInclude>
    <ClInclude Include="MersenneTwister.h">
      <Filter>Header Files</Filter>
    </ClInclude>
    <ClInclude Include="TrafficData.h">
      <Filter>Header Files</Filter>
    </ClInclude>
    <ClInclude Include="TriModalNormal.h">
      <Filter>Header Files</Filter>
    </ClInclude>
    <ClInclude Include="Vehicle.h">
      <Filter>Header Files</Filter>
    </ClInclude>
    <ClInclude Include="VehicleBuffer.h">
      <Filter>Header Files</Filter>
    </ClInclude>
    <ClInclude Include="VehicleGenerator.h">
      <Filter>Header Files</Filter>
    </ClInclude>
    <ClInclude Include="BridgeLane.h">
      <Filter>Header Files</Filter>
    </ClInclude>
    <ClInclude Include="InfluenceLine.h">
      <Filter>Header Files</Filter>
    </ClInclude>
    <ClInclude Include="ReadILFile.h">
      <Filter>Header Files</Filter>
    </ClInclude>
    <ClInclude Include="BridgeFile.h">
      <Filter>Header Files</Filter>
    </ClInclude>
    <ClInclude Include="TrafficFiles.h">
      <Filter>Header Files</Filter>
    </ClInclude>
    <ClInclude Include="LaneFlow.h">
      <Filter>Header Files</Filter>
    </ClInclude>
    <ClInclude Include="LaneGenTraffic.h">
      <Filter>Header Files</Filter>
    </ClInclude>
    <ClInclude Include="LaneFileTraffic.h">
      <Filter>Header Files</Filter>
    </ClInclude>
    <ClInclude Include="VehicleTrafficFile.h">
      <Filter>Header Files</Filter>
    </ClInclude>
    <ClInclude Include="release.h">
      <Filter>Header Files</Filter>
    </ClInclude>
    <ClInclude Include="POTManager.h">
      <Filter>Header Files</Filter>
    </ClInclude>
    <ClInclude Include="StatsManager.h">
      <Filter>Header Files</Filter>
    </ClInclude>
    <ClInclude Include="ManagerBase.h">
      <Filter>Header Files</Filter>
    </ClInclude>
    <ClInclude Include="OutputManagerBase.h">
      <Filter>Header Files</Filter>
    </ClInclude>
    <ClInclude Include="EventStatistics.h">
      <Filter>Header Files</Filter>
    </ClInclude>
    <ClInclude Include="InfluenceSurface.h">
      <Filter>Header Files</Filter>
    </ClInclude>
    <ClInclude Include="VehicleClassification.h">
      <Filter>Header Files</Filter>
    </ClInclude>
    <ClInclude Include="Generator.h">
      <Filter>Header Files</Filter>
    </ClInclude>
    <ClInclude Include="FlowGenerator.h">
      <Filter>Header Files</Filter>
    </ClInclude>
    <ClInclude Include="ModelData.h">
      <Filter>Header Files</Filter>
    </ClInclude>
    <ClInclude Include="VehicleModelData.h">
      <Filter>Header Files</Filter>
    </ClInclude>
    <ClInclude Include="FlowModelData.h">
      <Filter>Header Files</Filter>
    </ClInclude>
    <ClInclude Include="VehicleGenGrave.h">
      <Filter>Header Files</Filter>
    </ClInclude>
    <ClInclude Include="VehModelDataGrave.h">
      <Filter>Header Files</Filter>
    </ClInclude>
  </ItemGroup>
  <ItemGroup>
    <None Include="ClassDiagram.cd" />
    <None Include="ClassDiagram1.cd" />
    <None Include="ClassDiagram2.cd" />
    <None Include="Manual\BTLS - User Manual.docx" />
  </ItemGroup>
</Project>